
Microsoft Visual Studio Solution File, Format Version 12.00
# Visual Studio Version 16
VisualStudioVersion = 16.0.30114.105
MinimumVisualStudioVersion = 10.0.40219.1
Project("{FAE04EC0-301F-11D3-BF4B-00C04F79EFBC}") = "MyLib", "MyLib\MyLib.csproj", "{B14FA3FD-153A-498E-84F6-8655A70D82A1}"
EndProject
Project("{FAE04EC0-301F-11D3-BF4B-00C04F79EFBC}") = "Zadacha47", "Zadacha47\Zadacha47.csproj", "{95EA1280-3AC1-4CE5-9B69-AB441ED2858A}"
EndProject
Project("{FAE04EC0-301F-11D3-BF4B-00C04F79EFBC}") = "Zadacha50", "Zadacha50\Zadacha50.csproj", "{158F69E0-4371-4594-A1AA-125ADC18BFE9}"
EndProject
Project("{FAE04EC0-301F-11D3-BF4B-00C04F79EFBC}") = "Zadacha52", "Zadacha52\Zadacha52.csproj", "{9B46A3CF-B81D-488E-A0F2-87141A1A8E30}"
EndProject
Project("{FAE04EC0-301F-11D3-BF4B-00C04F79EFBC}") = "Zadacha54", "Zadacha54\Zadacha54.csproj", "{19867A39-F3BB-463B-BA5D-BBA4A822BCE7}"
EndProject
Project("{FAE04EC0-301F-11D3-BF4B-00C04F79EFBC}") = "Zadacha56", "Zadacha56\Zadacha56.csproj", "{C40DEA68-A681-48EC-B159-FDDA60FECC47}"
EndProject
Project("{FAE04EC0-301F-11D3-BF4B-00C04F79EFBC}") = "Zadacha58", "Zadacha58\Zadacha58.csproj", "{0001408F-A6AD-46D8-A65B-0DDF60018A84}"
EndProject
Global
	GlobalSection(SolutionConfigurationPlatforms) = preSolution
		Debug|Any CPU = Debug|Any CPU
		Release|Any CPU = Release|Any CPU
	EndGlobalSection
	GlobalSection(SolutionProperties) = preSolution
		HideSolutionNode = FALSE
	EndGlobalSection
	GlobalSection(ProjectConfigurationPlatforms) = postSolution
		{B14FA3FD-153A-498E-84F6-8655A70D82A1}.Debug|Any CPU.ActiveCfg = Debug|Any CPU
		{B14FA3FD-153A-498E-84F6-8655A70D82A1}.Debug|Any CPU.Build.0 = Debug|Any CPU
		{B14FA3FD-153A-498E-84F6-8655A70D82A1}.Release|Any CPU.ActiveCfg = Release|Any CPU
		{B14FA3FD-153A-498E-84F6-8655A70D82A1}.Release|Any CPU.Build.0 = Release|Any CPU
		{95EA1280-3AC1-4CE5-9B69-AB441ED2858A}.Debug|Any CPU.ActiveCfg = Debug|Any CPU
		{95EA1280-3AC1-4CE5-9B69-AB441ED2858A}.Debug|Any CPU.Build.0 = Debug|Any CPU
		{95EA1280-3AC1-4CE5-9B69-AB441ED2858A}.Release|Any CPU.ActiveCfg = Release|Any CPU
		{95EA1280-3AC1-4CE5-9B69-AB441ED2858A}.Release|Any CPU.Build.0 = Release|Any CPU
		{158F69E0-4371-4594-A1AA-125ADC18BFE9}.Debug|Any CPU.ActiveCfg = Debug|Any CPU
		{158F69E0-4371-4594-A1AA-125ADC18BFE9}.Debug|Any CPU.Build.0 = Debug|Any CPU
		{158F69E0-4371-4594-A1AA-125ADC18BFE9}.Release|Any CPU.ActiveCfg = Release|Any CPU
		{158F69E0-4371-4594-A1AA-125ADC18BFE9}.Release|Any CPU.Build.0 = Release|Any CPU
		{9B46A3CF-B81D-488E-A0F2-87141A1A8E30}.Debug|Any CPU.ActiveCfg = Debug|Any CPU
		{9B46A3CF-B81D-488E-A0F2-87141A1A8E30}.Debug|Any CPU.Build.0 = Debug|Any CPU
		{9B46A3CF-B81D-488E-A0F2-87141A1A8E30}.Release|Any CPU.ActiveCfg = Release|Any CPU
		{9B46A3CF-B81D-488E-A0F2-87141A1A8E30}.Release|Any CPU.Build.0 = Release|Any CPU
		{19867A39-F3BB-463B-BA5D-BBA4A822BCE7}.Debug|Any CPU.ActiveCfg = Debug|Any CPU
		{19867A39-F3BB-463B-BA5D-BBA4A822BCE7}.Debug|Any CPU.Build.0 = Debug|Any CPU
		{19867A39-F3BB-463B-BA5D-BBA4A822BCE7}.Release|Any CPU.ActiveCfg = Release|Any CPU
		{19867A39-F3BB-463B-BA5D-BBA4A822BCE7}.Release|Any CPU.Build.0 = Release|Any CPU
		{C40DEA68-A681-48EC-B159-FDDA60FECC47}.Debug|Any CPU.ActiveCfg = Debug|Any CPU
		{C40DEA68-A681-48EC-B159-FDDA60FECC47}.Debug|Any CPU.Build.0 = Debug|Any CPU
		{C40DEA68-A681-48EC-B159-FDDA60FECC47}.Release|Any CPU.ActiveCfg = Release|Any CPU
		{C40DEA68-A681-48EC-B159-FDDA60FECC47}.Release|Any CPU.Build.0 = Release|Any CPU
		{0001408F-A6AD-46D8-A65B-0DDF60018A84}.Debug|Any CPU.ActiveCfg = Debug|Any CPU
		{0001408F-A6AD-46D8-A65B-0DDF60018A84}.Debug|Any CPU.Build.0 = Debug|Any CPU
		{0001408F-A6AD-46D8-A65B-0DDF60018A84}.Release|Any CPU.ActiveCfg = Release|Any CPU
		{0001408F-A6AD-46D8-A65B-0DDF60018A84}.Release|Any CPU.Build.0 = Release|Any CPU
	EndGlobalSection
EndGlobal
